
Microsoft Visual Studio Solution File, Format Version 12.00
# Visual Studio Version 16
VisualStudioVersion = 16.0.29806.167
MinimumVisualStudioVersion = 10.0.40219.1
Project("{8BC9CEB8-8B4A-11D0-8D11-00A0C91BC942}") = "str2hex", "str2hex\str2hex.vcxproj", "{9755FBEA-902E-4DBB-B2E9-E62DEBBCBA4E}"
EndProject
Project("{2150E333-8FDC-42A3-9474-1A3956D46DE8}") = "Solution Items", "Solution Items", "{E592642F-4271-4266-9698-54BB450A845F}"
	ProjectSection(SolutionItems) = preProject
		.clang-format = .clang-format
		.editorconfig = .editorconfig
		.gitignore = .gitignore
	EndProjectSection
EndProject
Global
	GlobalSection(SolutionConfigurationPlatforms) = preSolution
		Debug|x64 = Debug|x64
		Release|x64 = Release|x64
	EndGlobalSection
	GlobalSection(ProjectConfigurationPlatforms) = postSolution
		{9755FBEA-902E-4DBB-B2E9-E62DEBBCBA4E}.Debug|x64.ActiveCfg = Debug|x64
		{9755FBEA-902E-4DBB-B2E9-E62DEBBCBA4E}.Debug|x64.Build.0 = Debug|x64
		{9755FBEA-902E-4DBB-B2E9-E62DEBBCBA4E}.Release|x64.ActiveCfg = Release|x64
		{9755FBEA-902E-4DBB-B2E9-E62DEBBCBA4E}.Release|x64.Build.0 = Release|x64
	EndGlobalSection
	GlobalSection(SolutionProperties) = preSolution
		HideSolutionNode = FALSE
	EndGlobalSection
	GlobalSection(ExtensibilityGlobals) = postSolution
		SolutionGuid = {52E5183F-BF88-4C05-9BCF-366BAA19F161}
	EndGlobalSection
EndGlobal
